
Microsoft Visual Studio Solution File, Format Version 12.00
# Visual Studio Version 16
VisualStudioVersion = 16.0.31129.286
MinimumVisualStudioVersion = 10.0.40219.1
Project("{9A19103F-16F7-4668-BE54-9A1E7A4F7556}") = "LigKuraCekimi", "LigKuraCekimi\LigKuraCekimi.csproj", "{5E07E8C7-75E8-43F0-A7D0-BE6CDECF4198}"
EndProject
Project("{54435603-DBB4-11D2-8724-00A0C9A8B90C}") = "Lig Kura Cekimi", "Lig Kura Cekimi\Lig Kura Cekimi.vdproj", "{767CB3EA-6DBF-4535-98B2-C5314FD27DEA}"
EndProject
Global
	GlobalSection(SolutionConfigurationPlatforms) = preSolution
		Debug|Any CPU = Debug|Any CPU
		Release|Any CPU = Release|Any CPU
	EndGlobalSection
	GlobalSection(ProjectConfigurationPlatforms) = postSolution
		{5E07E8C7-75E8-43F0-A7D0-BE6CDECF4198}.Debug|Any CPU.ActiveCfg = Debug|Any CPU
		{5E07E8C7-75E8-43F0-A7D0-BE6CDECF4198}.Debug|Any CPU.Build.0 = Debug|Any CPU
		{5E07E8C7-75E8-43F0-A7D0-BE6CDECF4198}.Release|Any CPU.ActiveCfg = Release|Any CPU
		{5E07E8C7-75E8-43F0-A7D0-BE6CDECF4198}.Release|Any CPU.Build.0 = Release|Any CPU
		{767CB3EA-6DBF-4535-98B2-C5314FD27DEA}.Debug|Any CPU.ActiveCfg = Debug
		{767CB3EA-6DBF-4535-98B2-C5314FD27DEA}.Release|Any CPU.ActiveCfg = Release
	EndGlobalSection
	GlobalSection(SolutionProperties) = preSolution
		HideSolutionNode = FALSE
	EndGlobalSection
	GlobalSection(ExtensibilityGlobals) = postSolution
		SolutionGuid = {9CEDD303-7EF0-4E38-9DB1-40F55D3A2E30}
	EndGlobalSection
EndGlobal
